
Microsoft Visual Studio Solution File, Format Version 12.00
# Visual Studio Version 17
VisualStudioVersion = 17.11.35312.102
MinimumVisualStudioVersion = 10.0.40219.1
Project("{FAE04EC0-301F-11D3-BF4B-00C04F79EFBC}") = "WhiteLagoon.Web", "WhiteLagoon.Web\WhiteLagoon.Web.csproj", "{622EDF65-7CA6-42A4-94AB-5B0F3C3D7BBA}"
EndProject
Project("{FAE04EC0-301F-11D3-BF4B-00C04F79EFBC}") = "WhiteLagoon.Domain", "WhiteLagoon.Domain\WhiteLagoon.Domain.csproj", "{CD2C82B3-DA68-4796-BA15-7A0C996DE1DC}"
EndProject
Project("{FAE04EC0-301F-11D3-BF4B-00C04F79EFBC}") = "WhiteLagoon.Application", "WhiteLagoon.Application\WhiteLagoon.Application.csproj", "{4FFD61B3-2E55-48B2-AEDB-D3402BDDBC61}"
EndProject
Project("{FAE04EC0-301F-11D3-BF4B-00C04F79EFBC}") = "WhiteLagoon.Infrastructure", "WhiteLagoon.Infrastructure\WhiteLagoon.Infrastructure.csproj", "{C5489373-A8A5-461F-802A-890DE375935D}"
EndProject
Global
	GlobalSection(SolutionConfigurationPlatforms) = preSolution
		Debug|Any CPU = Debug|Any CPU
		Release|Any CPU = Release|Any CPU
	EndGlobalSection
	GlobalSection(ProjectConfigurationPlatforms) = postSolution
		{622EDF65-7CA6-42A4-94AB-5B0F3C3D7BBA}.Debug|Any CPU.ActiveCfg = Debug|Any CPU
		{622EDF65-7CA6-42A4-94AB-5B0F3C3D7BBA}.Debug|Any CPU.Build.0 = Debug|Any CPU
		{622EDF65-7CA6-42A4-94AB-5B0F3C3D7BBA}.Release|Any CPU.ActiveCfg = Release|Any CPU
		{622EDF65-7CA6-42A4-94AB-5B0F3C3D7BBA}.Release|Any CPU.Build.0 = Release|Any CPU
		{CD2C82B3-DA68-4796-BA15-7A0C996DE1DC}.Debug|Any CPU.ActiveCfg = Debug|Any CPU
		{CD2C82B3-DA68-4796-BA15-7A0C996DE1DC}.Debug|Any CPU.Build.0 = Debug|Any CPU
		{CD2C82B3-DA68-4796-BA15-7A0C996DE1DC}.Release|Any CPU.ActiveCfg = Release|Any CPU
		{CD2C82B3-DA68-4796-BA15-7A0C996DE1DC}.Release|Any CPU.Build.0 = Release|Any CPU
		{4FFD61B3-2E55-48B2-AEDB-D3402BDDBC61}.Debug|Any CPU.ActiveCfg = Debug|Any CPU
		{4FFD61B3-2E55-48B2-AEDB-D3402BDDBC61}.Debug|Any CPU.Build.0 = Debug|Any CPU
		{4FFD61B3-2E55-48B2-AEDB-D3402BDDBC61}.Release|Any CPU.ActiveCfg = Release|Any CPU
		{4FFD61B3-2E55-48B2-AEDB-D3402BDDBC61}.Release|Any CPU.Build.0 = Release|Any CPU
		{C5489373-A8A5-461F-802A-890DE375935D}.Debug|Any CPU.ActiveCfg = Debug|Any CPU
		{C5489373-A8A5-461F-802A-890DE375935D}.Debug|Any CPU.Build.0 = Debug|Any CPU
		{C5489373-A8A5-461F-802A-890DE375935D}.Release|Any CPU.ActiveCfg = Release|Any CPU
		{C5489373-A8A5-461F-802A-890DE375935D}.Release|Any CPU.Build.0 = Release|Any CPU
	EndGlobalSection
	GlobalSection(SolutionProperties) = preSolution
		HideSolutionNode = FALSE
	EndGlobalSection
	GlobalSection(ExtensibilityGlobals) = postSolution
		SolutionGuid = {E1C7DC90-01DE-4237-98F6-A7B95F30A539}
	EndGlobalSection
EndGlobal
